
Microsoft Visual Studio Solution File, Format Version 12.00
# Visual Studio Version 16
VisualStudioVersion = 16.0.29613.14
MinimumVisualStudioVersion = 10.0.40219.1
Project("{9A19103F-16F7-4668-BE54-9A1E7A4F7556}") = "YaContest", "YaContest\YaContest.csproj", "{407E4728-89AB-4318-A6F0-4EF9D4D688A9}"
EndProject
Project("{9A19103F-16F7-4668-BE54-9A1E7A4F7556}") = "FiguresLibrary", "FiguresLibrary\FiguresLibrary.csproj", "{6B66655F-365D-4A40-9812-CBD16B236750}"
EndProject
Project("{9A19103F-16F7-4668-BE54-9A1E7A4F7556}") = "FiguresLibraryTests", "FiguresLibraryTests\FiguresLibraryTests.csproj", "{EB6A7279-A804-430A-9AC3-91992BFE10C1}"
EndProject
Global
	GlobalSection(SolutionConfigurationPlatforms) = preSolution
		Debug|Any CPU = Debug|Any CPU
		Release|Any CPU = Release|Any CPU
	EndGlobalSection
	GlobalSection(ProjectConfigurationPlatforms) = postSolution
		{407E4728-89AB-4318-A6F0-4EF9D4D688A9}.Debug|Any CPU.ActiveCfg = Debug|Any CPU
		{407E4728-89AB-4318-A6F0-4EF9D4D688A9}.Debug|Any CPU.Build.0 = Debug|Any CPU
		{407E4728-89AB-4318-A6F0-4EF9D4D688A9}.Release|Any CPU.ActiveCfg = Release|Any CPU
		{407E4728-89AB-4318-A6F0-4EF9D4D688A9}.Release|Any CPU.Build.0 = Release|Any CPU
		{6B66655F-365D-4A40-9812-CBD16B236750}.Debug|Any CPU.ActiveCfg = Debug|Any CPU
		{6B66655F-365D-4A40-9812-CBD16B236750}.Debug|Any CPU.Build.0 = Debug|Any CPU
		{6B66655F-365D-4A40-9812-CBD16B236750}.Release|Any CPU.ActiveCfg = Release|Any CPU
		{6B66655F-365D-4A40-9812-CBD16B236750}.Release|Any CPU.Build.0 = Release|Any CPU
		{EB6A7279-A804-430A-9AC3-91992BFE10C1}.Debug|Any CPU.ActiveCfg = Debug|Any CPU
		{EB6A7279-A804-430A-9AC3-91992BFE10C1}.Debug|Any CPU.Build.0 = Debug|Any CPU
		{EB6A7279-A804-430A-9AC3-91992BFE10C1}.Release|Any CPU.ActiveCfg = Release|Any CPU
		{EB6A7279-A804-430A-9AC3-91992BFE10C1}.Release|Any CPU.Build.0 = Release|Any CPU
	EndGlobalSection
	GlobalSection(SolutionProperties) = preSolution
		HideSolutionNode = FALSE
	EndGlobalSection
	GlobalSection(ExtensibilityGlobals) = postSolution
		SolutionGuid = {1BB2FDDA-5365-48DB-8539-F7163883EF72}
	EndGlobalSection
EndGlobal
