
Microsoft Visual Studio Solution File, Format Version 12.00
# Visual Studio Version 16
VisualStudioVersion = 16.0.29613.14
MinimumVisualStudioVersion = 10.0.40219.1
Project("{FAE04EC0-301F-11D3-BF4B-00C04F79EFBC}") = "YaContest", "YaContest\YaContest.csproj", "{4F647DC3-F15C-4F62-977B-41B68AA295B4}"
EndProject
Global
	GlobalSection(SolutionConfigurationPlatforms) = preSolution
		Debug|Any CPU = Debug|Any CPU
		Release|Any CPU = Release|Any CPU
	EndGlobalSection
	GlobalSection(ProjectConfigurationPlatforms) = postSolution
		{4F647DC3-F15C-4F62-977B-41B68AA295B4}.Debug|Any CPU.ActiveCfg = Debug|Any CPU
		{4F647DC3-F15C-4F62-977B-41B68AA295B4}.Debug|Any CPU.Build.0 = Debug|Any CPU
		{4F647DC3-F15C-4F62-977B-41B68AA295B4}.Release|Any CPU.ActiveCfg = Release|Any CPU
		{4F647DC3-F15C-4F62-977B-41B68AA295B4}.Release|Any CPU.Build.0 = Release|Any CPU
	EndGlobalSection
	GlobalSection(SolutionProperties) = preSolution
		HideSolutionNode = FALSE
	EndGlobalSection
	GlobalSection(ExtensibilityGlobals) = postSolution
		SolutionGuid = {D4239CF0-C0B3-458B-BA9A-7E9036BE3A8F}
	EndGlobalSection
EndGlobal
